
Microsoft Visual Studio Solution File, Format Version 12.00
# Visual Studio Version 17
VisualStudioVersion = 17.9.34728.123
MinimumVisualStudioVersion = 10.0.40219.1
Project("{FAE04EC0-301F-11D3-BF4B-00C04F79EFBC}") = "XUnitTestSample", "XUnitTestSample\XUnitTestSample.csproj", "{B91151D3-6366-47F0-8E04-E2021C6DC0F0}"
EndProject
Global
	GlobalSection(SolutionConfigurationPlatforms) = preSolution
		Debug|Any CPU = Debug|Any CPU
		Release|Any CPU = Release|Any CPU
	EndGlobalSection
	GlobalSection(ProjectConfigurationPlatforms) = postSolution
		{B91151D3-6366-47F0-8E04-E2021C6DC0F0}.Debug|Any CPU.ActiveCfg = Debug|Any CPU
		{B91151D3-6366-47F0-8E04-E2021C6DC0F0}.Debug|Any CPU.Build.0 = Debug|Any CPU
		{B91151D3-6366-47F0-8E04-E2021C6DC0F0}.Release|Any CPU.ActiveCfg = Release|Any CPU
		{B91151D3-6366-47F0-8E04-E2021C6DC0F0}.Release|Any CPU.Build.0 = Release|Any CPU
	EndGlobalSection
	GlobalSection(SolutionProperties) = preSolution
		HideSolutionNode = FALSE
	EndGlobalSection
	GlobalSection(ExtensibilityGlobals) = postSolution
		SolutionGuid = {CFBEFE4A-D15B-4080-B58C-F714D8D72C72}
	EndGlobalSection
EndGlobal
